
Microsoft Visual Studio Solution File, Format Version 12.00
# Visual Studio Version 17
VisualStudioVersion = 17.9.34728.123
MinimumVisualStudioVersion = 10.0.40219.1
Project("{FAE04EC0-301F-11D3-BF4B-00C04F79EFBC}") = "spering1", "spering1\spering1.csproj", "{B95C4E17-3E59-43B7-9E51-309CD6E3E60D}"
EndProject
Global
	GlobalSection(SolutionConfigurationPlatforms) = preSolution
		Debug|Any CPU = Debug|Any CPU
		Release|Any CPU = Release|Any CPU
	EndGlobalSection
	GlobalSection(ProjectConfigurationPlatforms) = postSolution
		{B95C4E17-3E59-43B7-9E51-309CD6E3E60D}.Debug|Any CPU.ActiveCfg = Debug|Any CPU
		{B95C4E17-3E59-43B7-9E51-309CD6E3E60D}.Debug|Any CPU.Build.0 = Debug|Any CPU
		{B95C4E17-3E59-43B7-9E51-309CD6E3E60D}.Release|Any CPU.ActiveCfg = Release|Any CPU
		{B95C4E17-3E59-43B7-9E51-309CD6E3E60D}.Release|Any CPU.Build.0 = Release|Any CPU
	EndGlobalSection
	GlobalSection(SolutionProperties) = preSolution
		HideSolutionNode = FALSE
	EndGlobalSection
	GlobalSection(ExtensibilityGlobals) = postSolution
		SolutionGuid = {0FC0E653-C539-490D-BE90-506546C483E3}
	EndGlobalSection
EndGlobal
